github.com/mozilla-services/autograph v0.0.0-20210505200649-cb56f0dcbdd1 h1:ptnkDFsc8xf5bLDu3BPCYw1mfmcLJz/Sw6m00IeIVWI=
github.com/mozilla-services/autograph/verifier/contentsignature v0.0.0-20210505200649-cb56f0dcbdd1 h1:POnrn8x0qEBOx0R0nqr5WYdhQW8GejkE/H56HTRsVZ8=
github.com/mozilla-services/autograph/verifier/contentsignature v0.0.0-20210505200649-cb56f0dcbdd1/go.mod h1:Za7D7eunll59848s0oJ43o0wE/J38/8q7mTl4A9J73I=
