{
  "name": "qml_hot_reload",
  "version": "1.0.0",
  "lockfileVersion": 3,
  "requires": true,
  "packages": {
    "": {
      "name": "qml_hot_reload",
      "version": "1.0.0",
      "license": "MPL-2.0",
      "dependencies": {
        "qwebchannel": "^6.2.0"
      }
    },
    "node_modules/qwebchannel": {
      "version": "6.2.0",
      "resolved": "https://registry.npmjs.org/qwebchannel/-/qwebchannel-6.2.0.tgz",
      "integrity": "sha512-DfJMFZutES2w/v2L3q6id+RoqG92PxnWIkW6dBQh1Be3mo6y2BEckvNfymXlIyCxks5dz0UbmzKZ2jT1qjOCzw=="
    }
  }
}
